// !$*UTF8*$!
{
	archiveVersion = 1;
	classes = {
	};
	objectVersion = 46;
	objects = {

/* Begin PBXBuildFile section */
		EC40F2331E4D1DA700554B09 /* AppDelegate.swift in Sources */ = {isa = PBXBuildFile; fileRef = EC40F2321E4D1DA700554B09 /* AppDelegate.swift */; };
		EC40F2351E4D1DA700554B09 /* RootViewController.swift in Sources */ = {isa = PBXBuildFile; fileRef = EC40F2341E4D1DA700554B09 /* RootViewController.swift */; };
		EC40F2371E4D1DA700554B09 /* DataViewController.swift in Sources */ = {isa = PBXBuildFile; fileRef = EC40F2361E4D1DA700554B09 /* DataViewController.swift */; };
		EC40F2391E4D1DA700554B09 /* ModelController.swift in Sources */ = {isa = PBXBuildFile; fileRef = EC40F2381E4D1DA700554B09 /* ModelController.swift */; };
		EC40F23C1E4D1DA700554B09 /* Main.storyboard in Resources */ = {isa = PBXBuildFile; fileRef = EC40F23A1E4D1DA700554B09 /* Main.storyboard */; };
		EC40F23E1E4D1DA700554B09 /* Assets.xcassets in Resources */ = {isa = PBXBuildFile; fileRef = EC40F23D1E4D1DA700554B09 /* Assets.xcassets */; };
		EC40F2411E4D1DA700554B09 /* LaunchScreen.storyboard in Resources */ = {isa = PBXBuildFile; fileRef = EC40F23F1E4D1DA700554B09 /* LaunchScreen.storyboard */; };
/* End PBXBuildFile section */

/* Begin PBXFileReference section */
		EC40F22F1E4D1DA700554B09 /* Bucket List.app */ = {isa = PBXFileReference; explicitFileType = wrapper.application; includeInIndex = 0; path = "Bucket List.app"; sourceTree = BUILT_PRODUCTS_DIR; };
		EC40F2321E4D1DA700554B09 /* AppDelegate.swift */ = {isa = PBXFileReference; lastKnownFileType = sourcecode.swift; path = AppDelegate.swift; sourceTree = "<group>"; };
		EC40F2341E4D1DA700554B09 /* RootViewController.swift */ = {isa = PBXFileReference; lastKnownFileType = sourcecode.swift; path = RootViewController.swift; sourceTree = "<group>"; };
		EC40F2361E4D1DA700554B09 /* DataViewController.swift */ = {isa = PBXFileReference; lastKnownFileType = sourcecode.swift; path = DataViewController.swift; sourceTree = "<group>"; };
		EC40F2381E4D1DA700554B09 /* ModelController.swift */ = {isa = PBXFileReference; lastKnownFileType = sourcecode.swift; path = ModelController.swift; sourceTree = "<group>"; };
		EC40F23B1E4D1DA700554B09 /* Base */ = {isa = PBXFileReference; lastKnownFileType = file.storyboard; name = Base; path = Base.lproj/Main.storyboard; sourceTree = "<group>"; };
		EC40F23D1E4D1DA700554B09 /* Assets.xcassets */ = {isa = PBXFileReference; lastKnownFileType = folder.assetcatalog; path = Assets.xcassets; sourceTree = "<group>"; };
		EC40F2401E4D1DA700554B09 /* Base */ = {isa = PBXFileReference; lastKnownFileType = file.storyboard; name = Base; path = Base.lproj/LaunchScreen.storyboard; sourceTree = "<group>"; };
		EC40F2421E4D1DA700554B09 /* Info.plist */ = {isa = PBXFileReference; lastKnownFileType = text.plist.xml; path = Info.plist; sourceTree = "<group>"; };
/* End PBXFileReference section */

/* Begin PBXFrameworksBuildPhase section */
		EC40F22C1E4D1DA700554B09 /* Frameworks */ = {
			isa = PBXFrameworksBuildPhase;
			buildActionMask = 2147483647;
			files = (
			);
			runOnlyForDeploymentPostprocessing = 0;
		};
/* End PBXFrameworksBuildPhase section */

/* Begin PBXGroup section */
		EC40F2261E4D1DA700554B09 = {
			isa = PBXGroup;
			children = (
				EC40F2311E4D1DA700554B09 /* Bucket List */,
				EC40F2301E4D1DA700554B09 /* Products */,
			);
			sourceTree = "<group>";
		};
		EC40F2301E4D1DA700554B09 /* Products */ = {
			isa = PBXGroup;
			children = (
				EC40F22F1E4D1DA700554B09 /* Bucket List.app */,
			);
			name = Products;
			sourceTree = "<group>";
		};
		EC40F2311E4D1DA700554B09 /* Bucket List */ = {
			isa = PBXGroup;
			children = (
				EC40F2321E4D1DA700554B09 /* AppDelegate.swift */,
				EC40F2341E4D1DA700554B09 /* RootViewController.swift */,
				EC40F2361E4D1DA700554B09 /* DataViewController.swift */,
				EC40F2381E4D1DA700554B09 /* ModelController.swift */,
				EC40F23A1E4D1DA700554B09 /* Main.storyboard */,
				EC40F23D1E4D1DA700554B09 /* Assets.xcassets */,
				EC40F23F1E4D1DA700554B09 /* LaunchScreen.storyboard */,
				EC40F2421E4D1DA700554B09 /* Info.plist */,
			);
			path = "Bucket List";
			sourceTree = "<group>";
		};
/* End PBXGroup section */

/* Begin PBXNativeTarget section */
		EC40F22E1E4D1DA700554B09 /* Bucket List */ = {
			isa = PBXNativeTarget;
			buildConfigurationList = EC40F2451E4D1DA700554B09 /* Build configuration list for PBXNativeTarget "Bucket List" */;
			buildPhases = (
				EC40F22B1E4D1DA700554B09 /* Sources */,
				EC40F22C1E4D1DA700554B09 /* Frameworks */,
				EC40F22D1E4D1DA700554B09 /* Resources */,
			);
			buildRules = (
			);
			dependencies = (
			);
			name = "Bucket List";
			productName = "Bucket List";
			productReference = EC40F22F1E4D1DA700554B09 /* Bucket List.app */;
			productType = "com.apple.product-type.application";
		};
/* End PBXNativeTarget section */

/* Begin PBXProject section */
		EC40F2271E4D1DA700554B09 /* Project object */ = {
			isa = PBXProject;
			attributes = {
				LastSwiftUpdateCheck = 0820;
				LastUpgradeCheck = 0820;
				ORGANIZATIONNAME = "Karley Walker";
				TargetAttributes = {
					EC40F22E1E4D1DA700554B09 = {
						CreatedOnToolsVersion = 8.2.1;
						ProvisioningStyle = Automatic;
					};
				};
			};
			buildConfigurationList = EC40F22A1E4D1DA700554B09 /* Build configuration list for PBXProject "Bucket List" */;
			compatibilityVersion = "Xcode 3.2";
			developmentRegion = English;
			hasScannedForEncodings = 0;
			knownRegions = (
				en,
				Base,
			);
			mainGroup = EC40F2261E4D1DA700554B09;
			productRefGroup = EC40F2301E4D1DA700554B09 /* Products */;
			projectDirPath = "";
			projectRoot = "";
			targets = (
				EC40F22E1E4D1DA700554B09 /* Bucket List */,
			);
		};
/* End PBXProject section */

/* Begin PBXResourcesBuildPhase section */
		EC40F22D1E4D1DA700554B09 /* Resources */ = {
			isa = PBXResourcesBuildPhase;
			buildActionMask = 2147483647;
			files = (
				EC40F2411E4D1DA700554B09 /* LaunchScreen.storyboard in Resources */,
				EC40F23E1E4D1DA700554B09 /* Assets.xcassets in Resources */,
				EC40F23C1E4D1DA700554B09 /* Main.storyboard in Resources */,
			);
			runOnlyForDeploymentPostprocessing = 0;
		};
/* End PBXResourcesBuildPhase section */

/* Begin PBXSourcesBuildPhase section */
		EC40F22B1E4D1DA700554B09 /* Sources */ = {
			isa = PBXSourcesBuildPhase;
			buildActionMask = 2147483647;
			files = (
				EC40F2351E4D1DA700554B09 /* RootViewController.swift in Sources */,
				EC40F2391E4D1DA700554B09 /* ModelController.swift in Sources */,
				EC40F2371E4D1DA700554B09 /* DataViewController.swift in Sources */,
				EC40F2331E4D1DA700554B09 /* AppDelegate.swift in Sources */,
			);
			runOnlyForDeploymentPostprocessing = 0;
		};
/* End PBXSourcesBuildPhase section */

/* Begin PBXVariantGroup section */
		EC40F23A1E4D1DA700554B09 /* Main.storyboard */ = {
			isa = PBXVariantGroup;
			children = (
				EC40F23B1E4D1DA700554B09 /* Base */,
			);
			name = Main.storyboard;
			sourceTree = "<group>";
		};
		EC40F23F1E4D1DA700554B09 /* LaunchScreen.storyboard */ = {
			isa = PBXVariantGroup;
			children = (
				EC40F2401E4D1DA700554B09 /* Base */,
			);
			name = LaunchScreen.storyboard;
			sourceTree = "<group>";
		};
/* End PBXVariantGroup section */

/* Begin XCBuildConfiguration section */
		EC40F2431E4D1DA700554B09 /* Debug */ = {
			isa = XCBuildConfiguration;
			buildSettings = {
				ALWAYS_SEARCH_USER_PATHS = NO;
				CLANG_ANALYZER_NONNULL = YES;
				CLANG_CXX_LANGUAGE_STANDARD = "gnu++0x";
				CLANG_CXX_LIBRARY = "libc++";
				CLANG_ENABLE_MODULES = YES;
				CLANG_ENABLE_OBJC_ARC = YES;
				CLANG_WARN_BOOL_CONVERSION = YES;
				CLANG_WARN_CONSTANT_CONVERSION = YES;
				CLANG_WARN_DIRECT_OBJC_ISA_USAGE = YES_ERROR;
				CLANG_WARN_DOCUMENTATION_COMMENTS = YES;
				CLANG_WARN_EMPTY_BODY = YES;
				CLANG_WARN_ENUM_CONVERSION = YES;
				CLANG_WARN_INFINITE_RECURSION = YES;
				CLANG_WARN_INT_CONVERSION = YES;
				CLANG_WARN_OBJC_ROOT_CLASS = YES_ERROR;
				CLANG_WARN_SUSPICIOUS_MOVE = YES;
				CLANG_WARN_UNREACHABLE_CODE = YES;
				CLANG_WARN__DUPLICATE_METHOD_MATCH = YES;
				"CODE_SIGN_IDENTITY[sdk=iphoneos*]" = "iPhone Developer";
				COPY_PHASE_STRIP = NO;
				DEBUG_INFORMATION_FORMAT = dwarf;
				ENABLE_STRICT_OBJC_MSGSEND = YES;
				ENABLE_TESTABILITY = YES;
				GCC_C_LANGUAGE_STANDARD = gnu99;
				GCC_DYNAMIC_NO_PIC = NO;
				GCC_NO_COMMON_BLOCKS = YES;
				GCC_OPTIMIZATION_LEVEL = 0;
				GCC_PREPROCESSOR_DEFINITIONS = (
					"DEBUG=1",
					"$(inherited)",
				);
				GCC_WARN_64_TO_32_BIT_CONVERSION = YES;
				GCC_WARN_ABOUT_RETURN_TYPE = YES_ERROR;
				GCC_WARN_UNDECLARED_SELECTOR = YES;
				GCC_WARN_UNINITIALIZED_AUTOS = YES_AGGRESSIVE;
				GCC_WARN_UNUSED_FUNCTION = YES;
				GCC_WARN_UNUSED_VARIABLE = YES;
				IPHONEOS_DEPLOYMENT_TARGET = 10.2;
				MTL_ENABLE_DEBUG_INFO = YES;
				ONLY_ACTIVE_ARCH = YES;
				SDKROOT = iphoneos;
				SWIFT_ACTIVE_COMPILATION_CONDITIONS = DEBUG;
				SWIFT_OPTIMIZATION_LEVEL = "-Onone";
				TARGETED_DEVICE_FAMILY = "1,2";
			};
			name = Debug;
		};
		EC40F2441E4D1DA700554B09 /* Release */ = {
			isa = XCBuildConfiguration;
			buildSettings = {
				ALWAYS_SEARCH_USER_PATHS = NO;
				CLANG_ANALYZER_NONNULL = YES;
				CLANG_CXX_LANGUAGE_STANDARD = "gnu++0x";
				CLANG_CXX_LIBRARY = "libc++";
				CLANG_ENABLE_MODULES = YES;
				CLANG_ENABLE_OBJC_ARC = YES;
				CLANG_WARN_BOOL_CONVERSION = YES;
				CLANG_WARN_CONSTANT_CONVERSION = YES;
				CLANG_WARN_DIRECT_OBJC_ISA_USAGE = YES_ERROR;
				CLANG_WARN_DOCUMENTATION_COMMENTS = YES;
				CLANG_WARN_EMPTY_BODY = YES;
				CLANG_WARN_ENUM_CONVERSION = YES;
				CLANG_WARN_INFINITE_RECURSION = YES;
				CLANG_WARN_INT_CONVERSION = YES;
				CLANG_WARN_OBJC_ROOT_CLASS = YES_ERROR;
				CLANG_WARN_SUSPICIOUS_MOVE = YES;
				CLANG_WARN_UNREACHABLE_CODE = YES;
				CLANG_WARN__DUPLICATE_METHOD_MATCH = YES;
				"CODE_SIGN_IDENTITY[sdk=iphoneos*]" = "iPhone Developer";
				COPY_PHASE_STRIP = NO;
				DEBUG_INFORMATION_FORMAT = "dwarf-with-dsym";
				ENABLE_NS_ASSERTIONS = NO;
				ENABLE_STRICT_OBJC_MSGSEND = YES;
				GCC_C_LANGUAGE_STANDARD = gnu99;
				GCC_NO_COMMON_BLOCKS = YES;
				GCC_WARN_64_TO_32_BIT_CONVERSION = YES;
				GCC_WARN_ABOUT_RETURN_TYPE = YES_ERROR;
				GCC_WARN_UNDECLARED_SELECTOR = YES;
				GCC_WARN_UNINITIALIZED_AUTOS = YES_AGGRESSIVE;
				GCC_WARN_UNUSED_FUNCTION = YES;
				GCC_WARN_UNUSED_VARIABLE = YES;
				IPHONEOS_DEPLOYMENT_TARGET = 10.2;
				MTL_ENABLE_DEBUG_INFO = NO;
				SDKROOT = iphoneos;
				SWIFT_OPTIMIZATION_LEVEL = "-Owholemodule";
				TARGETED_DEVICE_FAMILY = "1,2";
				VALIDATE_PRODUCT = YES;
			};
			name = Release;
		};
		EC40F2461E4D1DA700554B09 /* Debug */ = {
			isa = XCBuildConfiguration;
			buildSettings = {
				ASSETCATALOG_COMPILER_APPICON_NAME = AppIcon;
				INFOPLIST_FILE = "Bucket List/Info.plist";
				IPHONEOS_DEPLOYMENT_TARGET = 10.2;
				LD_RUNPATH_SEARCH_PATHS = "$(inherited) @executable_path/Frameworks";
				PRODUCT_BUNDLE_IDENTIFIER = "Dewgong.Bucket-List";
				PRODUCT_NAME = "$(TARGET_NAME)";
				SWIFT_VERSION = 3.0;
			};
			name = Debug;
		};
		EC40F2471E4D1DA700554B09 /* Release */ = {
			isa = XCBuildConfiguration;
			buildSettings = {
				ASSETCATALOG_COMPILER_APPICON_NAME = AppIcon;
				INFOPLIST_FILE = "Bucket List/Info.plist";
				IPHONEOS_DEPLOYMENT_TARGET = 10.2;
				LD_RUNPATH_SEARCH_PATHS = "$(inherited) @executable_path/Frameworks";
				PRODUCT_BUNDLE_IDENTIFIER = "Dewgong.Bucket-List";
				PRODUCT_NAME = "$(TARGET_NAME)";
				SWIFT_VERSION = 3.0;
			};
			name = Release;
		};
/* End XCBuildConfiguration section */

/* Begin XCConfigurationList section */
		EC40F22A1E4D1DA700554B09 /* Build configuration list for PBXProject "Bucket List" */ = {
			isa = XCConfigurationList;
			buildConfigurations = (
				EC40F2431E4D1DA700554B09 /* Debug */,
				EC40F2441E4D1DA700554B09 /* Release */,
			);
			defaultConfigurationIsVisible = 0;
			defaultConfigurationName = Release;
		};
		EC40F2451E4D1DA700554B09 /* Build configuration list for PBXNativeTarget "Bucket List" */ = {
			isa = XCConfigurationList;
			buildConfigurations = (
				EC40F2461E4D1DA700554B09 /* Debug */,
				EC40F2471E4D1DA700554B09 /* Release */,
			);
			defaultConfigurationIsVisible = 0;
		};
/* End XCConfigurationList section */
	};
	rootObject = EC40F2271E4D1DA700554B09 /* Project object */;
}
